
Microsoft Visual Studio Solution File, Format Version 12.00
# Visual Studio 15
VisualStudioVersion = 15.0.27428.2043
MinimumVisualStudioVersion = 10.0.40219.1
Project("{FAE04EC0-301F-11D3-BF4B-00C04F79EFBC}") = "WebApplication1", "WebApplication1\WebApplication1.csproj", "{547B0941-DD9B-445C-99C5-C45708D567E3}"
EndProject
Project("{E53339B2-1760-4266-BCC7-CA923CBCF16C}") = "docker-compose", "docker-compose.dcproj", "{C60D1CA8-65EC-4A77-B4F9-77CE86D343C0}"
EndProject
Global
	GlobalSection(SolutionConfigurationPlatforms) = preSolution
		Debug|Any CPU = Debug|Any CPU
		Release|Any CPU = Release|Any CPU
	EndGlobalSection
	GlobalSection(ProjectConfigurationPlatforms) = postSolution
		{547B0941-DD9B-445C-99C5-C45708D567E3}.Debug|Any CPU.ActiveCfg = Debug|Any CPU
		{547B0941-DD9B-445C-99C5-C45708D567E3}.Debug|Any CPU.Build.0 = Debug|Any CPU
		{547B0941-DD9B-445C-99C5-C45708D567E3}.Release|Any CPU.ActiveCfg = Release|Any CPU
		{547B0941-DD9B-445C-99C5-C45708D567E3}.Release|Any CPU.Build.0 = Release|Any CPU
		{C60D1CA8-65EC-4A77-B4F9-77CE86D343C0}.Debug|Any CPU.ActiveCfg = Debug|Any CPU
		{C60D1CA8-65EC-4A77-B4F9-77CE86D343C0}.Debug|Any CPU.Build.0 = Debug|Any CPU
		{C60D1CA8-65EC-4A77-B4F9-77CE86D343C0}.Release|Any CPU.ActiveCfg = Release|Any CPU
		{C60D1CA8-65EC-4A77-B4F9-77CE86D343C0}.Release|Any CPU.Build.0 = Release|Any CPU
	EndGlobalSection
	GlobalSection(SolutionProperties) = preSolution
		HideSolutionNode = FALSE
	EndGlobalSection
	GlobalSection(ExtensibilityGlobals) = postSolution
		SolutionGuid = {FBDBF7E2-44A3-4718-8738-240698752107}
	EndGlobalSection
EndGlobal
